// !$*UTF8*$!
{
	archiveVersion = 1;
	classes = {
	};
	objectVersion = 46;
	objects = {

/* Begin PBXBuildFile section */
		A0E441D019B9D47900C05923 /* Foundation.framework in Frameworks */ = {isa = PBXBuildFile; fileRef = A0E441CF19B9D47900C05923 /* Foundation.framework */; };
		A0E441D219B9D47900C05923 /* CoreGraphics.framework in Frameworks */ = {isa = PBXBuildFile; fileRef = A0E441D119B9D47900C05923 /* CoreGraphics.framework */; };
		A0E441D419B9D47900C05923 /* UIKit.framework in Frameworks */ = {isa = PBXBuildFile; fileRef = A0E441D319B9D47900C05923 /* UIKit.framework */; };
		A0E441DA19B9D47900C05923 /* InfoPlist.strings in Resources */ = {isa = PBXBuildFile; fileRef = A0E441D819B9D47900C05923 /* InfoPlist.strings */; };
		A0E441DC19B9D47900C05923 /* main.m in Sources */ = {isa = PBXBuildFile; fileRef = A0E441DB19B9D47900C05923 /* main.m */; };
		A0E441E019B9D47900C05923 /* SMAppDelegate.m in Sources */ = {isa = PBXBuildFile; fileRef = A0E441DF19B9D47900C05923 /* SMAppDelegate.m */; };
		A0E441E319B9D47900C05923 /* Main.storyboard in Resources */ = {isa = PBXBuildFile; fileRef = A0E441E119B9D47900C05923 /* Main.storyboard */; };
		A0E441E619B9D47900C05923 /* SMViewController.m in Sources */ = {isa = PBXBuildFile; fileRef = A0E441E519B9D47900C05923 /* SMViewController.m */; };
		A0E441E819B9D47900C05923 /* Images.xcassets in Resources */ = {isa = PBXBuildFile; fileRef = A0E441E719B9D47900C05923 /* Images.xcassets */; };
		A0E441EF19B9D47900C05923 /* XCTest.framework in Frameworks */ = {isa = PBXBuildFile; fileRef = A0E441EE19B9D47900C05923 /* XCTest.framework */; };
		A0E441F019B9D47900C05923 /* Foundation.framework in Frameworks */ = {isa = PBXBuildFile; fileRef = A0E441CF19B9D47900C05923 /* Foundation.framework */; };
		A0E441F119B9D47900C05923 /* UIKit.framework in Frameworks */ = {isa = PBXBuildFile; fileRef = A0E441D319B9D47900C05923 /* UIKit.framework */; };
		A0E441F919B9D47900C05923 /* InfoPlist.strings in Resources */ = {isa = PBXBuildFile; fileRef = A0E441F719B9D47900C05923 /* InfoPlist.strings */; };
		A0E441FB19B9D47900C05923 /* Git_TestTests.m in Sources */ = {isa = PBXBuildFile; fileRef = A0E441FA19B9D47900C05923 /* Git_TestTests.m */; };
/* End PBXBuildFile section */

/* Begin PBXContainerItemProxy section */
		A0E441F219B9D47900C05923 /* PBXContainerItemProxy */ = {
			isa = PBXContainerItemProxy;
			containerPortal = A0E441C419B9D47900C05923 /* Project object */;
			proxyType = 1;
			remoteGlobalIDString = A0E441CB19B9D47900C05923;
			remoteInfo = "Git Test";
		};
/* End PBXContainerItemProxy section */

/* Begin PBXFileReference section */
		A0E441CC19B9D47900C05923 /* Git Test.app */ = {isa = PBXFileReference; explicitFileType = wrapper.application; includeInIndex = 0; path = "Git Test.app"; sourceTree = BUILT_PRODUCTS_DIR; };
		A0E441CF19B9D47900C05923 /* Foundation.framework */ = {isa = PBXFileReference; lastKnownFileType = wrapper.framework; name = Foundation.framework; path = System/Library/Frameworks/Foundation.framework; sourceTree = SDKROOT; };
		A0E441D119B9D47900C05923 /* CoreGraphics.framework */ = {isa = PBXFileReference; lastKnownFileType = wrapper.framework; name = CoreGraphics.framework; path = System/Library/Frameworks/CoreGraphics.framework; sourceTree = SDKROOT; };
		A0E441D319B9D47900C05923 /* UIKit.framework */ = {isa = PBXFileReference; lastKnownFileType = wrapper.framework; name = UIKit.framework; path = System/Library/Frameworks/UIKit.framework; sourceTree = SDKROOT; };
		A0E441D719B9D47900C05923 /* Git Test-Info.plist */ = {isa = PBXFileReference; lastKnownFileType = text.plist.xml; path = "Git Test-Info.plist"; sourceTree = "<group>"; };
		A0E441D919B9D47900C05923 /* en */ = {isa = PBXFileReference; lastKnownFileType = text.plist.strings; name = en; path = en.lproj/InfoPlist.strings; sourceTree = "<group>"; };
		A0E441DB19B9D47900C05923 /* main.m */ = {isa = PBXFileReference; lastKnownFileType = sourcecode.c.objc; path = main.m; sourceTree = "<group>"; };
		A0E441DD19B9D47900C05923 /* Git Test-Prefix.pch */ = {isa = PBXFileReference; lastKnownFileType = sourcecode.c.h; path = "Git Test-Prefix.pch"; sourceTree = "<group>"; };
		A0E441DE19B9D47900C05923 /* SMAppDelegate.h */ = {isa = PBXFileReference; lastKnownFileType = sourcecode.c.h; path = SMAppDelegate.h; sourceTree = "<group>"; };
		A0E441DF19B9D47900C05923 /* SMAppDelegate.m */ = {isa = PBXFileReference; lastKnownFileType = sourcecode.c.objc; path = SMAppDelegate.m; sourceTree = "<group>"; };
		A0E441E219B9D47900C05923 /* Base */ = {isa = PBXFileReference; lastKnownFileType = file.storyboard; name = Base; path = Base.lproj/Main.storyboard; sourceTree = "<group>"; };
		A0E441E419B9D47900C05923 /* SMViewController.h */ = {isa = PBXFileReference; lastKnownFileType = sourcecode.c.h; path = SMViewController.h; sourceTree = "<group>"; };
		A0E441E519B9D47900C05923 /* SMViewController.m */ = {isa = PBXFileReference; lastKnownFileType = sourcecode.c.objc; path = SMViewController.m; sourceTree = "<group>"; };
		A0E441E719B9D47900C05923 /* Images.xcassets */ = {isa = PBXFileReference; lastKnownFileType = folder.assetcatalog; path = Images.xcassets; sourceTree = "<group>"; };
		A0E441ED19B9D47900C05923 /* Git TestTests.xctest */ = {isa = PBXFileReference; explicitFileType = wrapper.cfbundle; includeInIndex = 0; path = "Git TestTests.xctest"; sourceTree = BUILT_PRODUCTS_DIR; };
		A0E441EE19B9D47900C05923 /* XCTest.framework */ = {isa = PBXFileReference; lastKnownFileType = wrapper.framework; name = XCTest.framework; path = Library/Frameworks/XCTest.framework; sourceTree = DEVELOPER_DIR; };
		A0E441F619B9D47900C05923 /* Git TestTests-Info.plist */ = {isa = PBXFileReference; lastKnownFileType = text.plist.xml; path = "Git TestTests-Info.plist"; sourceTree = "<group>"; };
		A0E441F819B9D47900C05923 /* en */ = {isa = PBXFileReference; lastKnownFileType = text.plist.strings; name = en; path = en.lproj/InfoPlist.strings; sourceTree = "<group>"; };
		A0E441FA19B9D47900C05923 /* Git_TestTests.m */ = {isa = PBXFileReference; lastKnownFileType = sourcecode.c.objc; path = Git_TestTests.m; sourceTree = "<group>"; };
/* End PBXFileReference section */

/* Begin PBXFrameworksBuildPhase section */
		A0E441C919B9D47900C05923 /* Frameworks */ = {
			isa = PBXFrameworksBuildPhase;
			buildActionMask = 2147483647;
			files = (
				A0E441D219B9D47900C05923 /* CoreGraphics.framework in Frameworks */,
				A0E441D419B9D47900C05923 /* UIKit.framework in Frameworks */,
				A0E441D019B9D47900C05923 /* Foundation.framework in Frameworks */,
			);
			runOnlyForDeploymentPostprocessing = 0;
		};
		A0E441EA19B9D47900C05923 /* Frameworks */ = {
			isa = PBXFrameworksBuildPhase;
			buildActionMask = 2147483647;
			files = (
				A0E441EF19B9D47900C05923 /* XCTest.framework in Frameworks */,
				A0E441F119B9D47900C05923 /* UIKit.framework in Frameworks */,
				A0E441F019B9D47900C05923 /* Foundation.framework in Frameworks */,
			);
			runOnlyForDeploymentPostprocessing = 0;
		};
/* End PBXFrameworksBuildPhase section */

/* Begin PBXGroup section */
		A0E441C319B9D47900C05923 = {
			isa = PBXGroup;
			children = (
				A0E441D519B9D47900C05923 /* Git Test */,
				A0E441F419B9D47900C05923 /* Git TestTests */,
				A0E441CE19B9D47900C05923 /* Frameworks */,
				A0E441CD19B9D47900C05923 /* Products */,
			);
			sourceTree = "<group>";
		};
		A0E441CD19B9D47900C05923 /* Products */ = {
			isa = PBXGroup;
			children = (
				A0E441CC19B9D47900C05923 /* Git Test.app */,
				A0E441ED19B9D47900C05923 /* Git TestTests.xctest */,
			);
			name = Products;
			sourceTree = "<group>";
		};
		A0E441CE19B9D47900C05923 /* Frameworks */ = {
			isa = PBXGroup;
			children = (
				A0E441CF19B9D47900C05923 /* Foundation.framework */,
				A0E441D119B9D47900C05923 /* CoreGraphics.framework */,
				A0E441D319B9D47900C05923 /* UIKit.framework */,
				A0E441EE19B9D47900C05923 /* XCTest.framework */,
			);
			name = Frameworks;
			sourceTree = "<group>";
		};
		A0E441D519B9D47900C05923 /* Git Test */ = {
			isa = PBXGroup;
			children = (
				A0E441DE19B9D47900C05923 /* SMAppDelegate.h */,
				A0E441DF19B9D47900C05923 /* SMAppDelegate.m */,
				A0E441E119B9D47900C05923 /* Main.storyboard */,
				A0E441E419B9D47900C05923 /* SMViewController.h */,
				A0E441E519B9D47900C05923 /* SMViewController.m */,
				A0E441E719B9D47900C05923 /* Images.xcassets */,
				A0E441D619B9D47900C05923 /* Supporting Files */,
			);
			path = "Git Test";
			sourceTree = "<group>";
		};
		A0E441D619B9D47900C05923 /* Supporting Files */ = {
			isa = PBXGroup;
			children = (
				A0E441D719B9D47900C05923 /* Git Test-Info.plist */,
				A0E441D819B9D47900C05923 /* InfoPlist.strings */,
				A0E441DB19B9D47900C05923 /* main.m */,
				A0E441DD19B9D47900C05923 /* Git Test-Prefix.pch */,
			);
			name = "Supporting Files";
			sourceTree = "<group>";
		};
		A0E441F419B9D47900C05923 /* Git TestTests */ = {
			isa = PBXGroup;
			children = (
				A0E441FA19B9D47900C05923 /* Git_TestTests.m */,
				A0E441F519B9D47900C05923 /* Supporting Files */,
			);
			path = "Git TestTests";
			sourceTree = "<group>";
		};
		A0E441F519B9D47900C05923 /* Supporting Files */ = {
			isa = PBXGroup;
			children = (
				A0E441F619B9D47900C05923 /* Git TestTests-Info.plist */,
				A0E441F719B9D47900C05923 /* InfoPlist.strings */,
			);
			name = "Supporting Files";
			sourceTree = "<group>";
		};
/* End PBXGroup section */

/* Begin PBXNativeTarget section */
		A0E441CB19B9D47900C05923 /* Git Test */ = {
			isa = PBXNativeTarget;
			buildConfigurationList = A0E441FE19B9D47900C05923 /* Build configuration list for PBXNativeTarget "Git Test" */;
			buildPhases = (
				A0E441C819B9D47900C05923 /* Sources */,
				A0E441C919B9D47900C05923 /* Frameworks */,
				A0E441CA19B9D47900C05923 /* Resources */,
			);
			buildRules = (
			);
			dependencies = (
			);
			name = "Git Test";
			productName = "Git Test";
			productReference = A0E441CC19B9D47900C05923 /* Git Test.app */;
			productType = "com.apple.product-type.application";
		};
		A0E441EC19B9D47900C05923 /* Git TestTests */ = {
			isa = PBXNativeTarget;
			buildConfigurationList = A0E4420119B9D47900C05923 /* Build configuration list for PBXNativeTarget "Git TestTests" */;
			buildPhases = (
				A0E441E919B9D47900C05923 /* Sources */,
				A0E441EA19B9D47900C05923 /* Frameworks */,
				A0E441EB19B9D47900C05923 /* Resources */,
			);
			buildRules = (
			);
			dependencies = (
				A0E441F319B9D47900C05923 /* PBXTargetDependency */,
			);
			name = "Git TestTests";
			productName = "Git TestTests";
			productReference = A0E441ED19B9D47900C05923 /* Git TestTests.xctest */;
			productType = "com.apple.product-type.bundle.unit-test";
		};
/* End PBXNativeTarget section */

/* Begin PBXProject section */
		A0E441C419B9D47900C05923 /* Project object */ = {
			isa = PBXProject;
			attributes = {
				CLASSPREFIX = SM;
				LastUpgradeCheck = 0510;
				ORGANIZATIONNAME = "Sergey Mitin";
				TargetAttributes = {
					A0E441EC19B9D47900C05923 = {
						TestTargetID = A0E441CB19B9D47900C05923;
					};
				};
			};
			buildConfigurationList = A0E441C719B9D47900C05923 /* Build configuration list for PBXProject "Git Test" */;
			compatibilityVersion = "Xcode 3.2";
			developmentRegion = English;
			hasScannedForEncodings = 0;
			knownRegions = (
				en,
				Base,
			);
			mainGroup = A0E441C319B9D47900C05923;
			productRefGroup = A0E441CD19B9D47900C05923 /* Products */;
			projectDirPath = "";
			projectRoot = "";
			targets = (
				A0E441CB19B9D47900C05923 /* Git Test */,
				A0E441EC19B9D47900C05923 /* Git TestTests */,
			);
		};
/* End PBXProject section */

/* Begin PBXResourcesBuildPhase section */
		A0E441CA19B9D47900C05923 /* Resources */ = {
			isa = PBXResourcesBuildPhase;
			buildActionMask = 2147483647;
			files = (
				A0E441E819B9D47900C05923 /* Images.xcassets in Resources */,
				A0E441DA19B9D47900C05923 /* InfoPlist.strings in Resources */,
				A0E441E319B9D47900C05923 /* Main.storyboard in Resources */,
			);
			runOnlyForDeploymentPostprocessing = 0;
		};
		A0E441EB19B9D47900C05923 /* Resources */ = {
			isa = PBXResourcesBuildPhase;
			buildActionMask = 2147483647;
			files = (
				A0E441F919B9D47900C05923 /* InfoPlist.strings in Resources */,
			);
			runOnlyForDeploymentPostprocessing = 0;
		};
/* End PBXResourcesBuildPhase section */

/* Begin PBXSourcesBuildPhase section */
		A0E441C819B9D47900C05923 /* Sources */ = {
			isa = PBXSourcesBuildPhase;
			buildActionMask = 2147483647;
			files = (
				A0E441E019B9D47900C05923 /* SMAppDelegate.m in Sources */,
				A0E441E619B9D47900C05923 /* SMViewController.m in Sources */,
				A0E441DC19B9D47900C05923 /* main.m in Sources */,
			);
			runOnlyForDeploymentPostprocessing = 0;
		};
		A0E441E919B9D47900C05923 /* Sources */ = {
			isa = PBXSourcesBuildPhase;
			buildActionMask = 2147483647;
			files = (
				A0E441FB19B9D47900C05923 /* Git_TestTests.m in Sources */,
			);
			runOnlyForDeploymentPostprocessing = 0;
		};
/* End PBXSourcesBuildPhase section */

/* Begin PBXTargetDependency section */
		A0E441F319B9D47900C05923 /* PBXTargetDependency */ = {
			isa = PBXTargetDependency;
			target = A0E441CB19B9D47900C05923 /* Git Test */;
			targetProxy = A0E441F219B9D47900C05923 /* PBXContainerItemProxy */;
		};
/* End PBXTargetDependency section */

/* Begin PBXVariantGroup section */
		A0E441D819B9D47900C05923 /* InfoPlist.strings */ = {
			isa = PBXVariantGroup;
			children = (
				A0E441D919B9D47900C05923 /* en */,
			);
			name = InfoPlist.strings;
			sourceTree = "<group>";
		};
		A0E441E119B9D47900C05923 /* Main.storyboard */ = {
			isa = PBXVariantGroup;
			children = (
				A0E441E219B9D47900C05923 /* Base */,
			);
			name = Main.storyboard;
			sourceTree = "<group>";
		};
		A0E441F719B9D47900C05923 /* InfoPlist.strings */ = {
			isa = PBXVariantGroup;
			children = (
				A0E441F819B9D47900C05923 /* en */,
			);
			name = InfoPlist.strings;
			sourceTree = "<group>";
		};
/* End PBXVariantGroup section */

/* Begin XCBuildConfiguration section */
		A0E441FC19B9D47900C05923 /* Debug */ = {
			isa = XCBuildConfiguration;
			buildSettings = {
				ALWAYS_SEARCH_USER_PATHS = NO;
				CLANG_CXX_LANGUAGE_STANDARD = "gnu++0x";
				CLANG_CXX_LIBRARY = "libc++";
				CLANG_ENABLE_MODULES = YES;
				CLANG_ENABLE_OBJC_ARC = YES;
				CLANG_WARN_BOOL_CONVERSION = YES;
				CLANG_WARN_CONSTANT_CONVERSION = YES;
				CLANG_WARN_DIRECT_OBJC_ISA_USAGE = YES_ERROR;
				CLANG_WARN_EMPTY_BODY = YES;
				CLANG_WARN_ENUM_CONVERSION = YES;
				CLANG_WARN_INT_CONVERSION = YES;
				CLANG_WARN_OBJC_ROOT_CLASS = YES_ERROR;
				CLANG_WARN__DUPLICATE_METHOD_MATCH = YES;
				"CODE_SIGN_IDENTITY[sdk=iphoneos*]" = "iPhone Developer";
				COPY_PHASE_STRIP = NO;
				GCC_C_LANGUAGE_STANDARD = gnu99;
				GCC_DYNAMIC_NO_PIC = NO;
				GCC_OPTIMIZATION_LEVEL = 0;
				GCC_PREPROCESSOR_DEFINITIONS = (
					"DEBUG=1",
					"$(inherited)",
				);
				GCC_SYMBOLS_PRIVATE_EXTERN = NO;
				GCC_WARN_64_TO_32_BIT_CONVERSION = YES;
				GCC_WARN_ABOUT_RETURN_TYPE = YES_ERROR;
				GCC_WARN_UNDECLARED_SELECTOR = YES;
				GCC_WARN_UNINITIALIZED_AUTOS = YES_AGGRESSIVE;
				GCC_WARN_UNUSED_FUNCTION = YES;
				GCC_WARN_UNUSED_VARIABLE = YES;
				IPHONEOS_DEPLOYMENT_TARGET = 7.1;
				ONLY_ACTIVE_ARCH = YES;
				SDKROOT = iphoneos;
			};
			name = Debug;
		};
		A0E441FD19B9D47900C05923 /* Release */ = {
			isa = XCBuildConfiguration;
			buildSettings = {
				ALWAYS_SEARCH_USER_PATHS = NO;
				CLANG_CXX_LANGUAGE_STANDARD = "gnu++0x";
				CLANG_CXX_LIBRARY = "libc++";
				CLANG_ENABLE_MODULES = YES;
				CLANG_ENABLE_OBJC_ARC = YES;
				CLANG_WARN_BOOL_CONVERSION = YES;
				CLANG_WARN_CONSTANT_CONVERSION = YES;
				CLANG_WARN_DIRECT_OBJC_ISA_USAGE = YES_ERROR;
				CLANG_WARN_EMPTY_BODY = YES;
				CLANG_WARN_ENUM_CONVERSION = YES;
				CLANG_WARN_INT_CONVERSION = YES;
				CLANG_WARN_OBJC_ROOT_CLASS = YES_ERROR;
				CLANG_WARN__DUPLICATE_METHOD_MATCH = YES;
				"CODE_SIGN_IDENTITY[sdk=iphoneos*]" = "iPhone Developer";
				COPY_PHASE_STRIP = YES;
				ENABLE_NS_ASSERTIONS = NO;
				GCC_C_LANGUAGE_STANDARD = gnu99;
				GCC_WARN_64_TO_32_BIT_CONVERSION = YES;
				GCC_WARN_ABOUT_RETURN_TYPE = YES_ERROR;
				GCC_WARN_UNDECLARED_SELECTOR = YES;
				GCC_WARN_UNINITIALIZED_AUTOS = YES_AGGRESSIVE;
				GCC_WARN_UNUSED_FUNCTION = YES;
				GCC_WARN_UNUSED_VARIABLE = YES;
				IPHONEOS_DEPLOYMENT_TARGET = 7.1;
				SDKROOT = iphoneos;
				VALIDATE_PRODUCT = YES;
			};
			name = Release;
		};
		A0E441FF19B9D47900C05923 /* Debug */ = {
			isa = XCBuildConfiguration;
			buildSettings = {
				ASSETCATALOG_COMPILER_APPICON_NAME = AppIcon;
				ASSETCATALOG_COMPILER_LAUNCHIMAGE_NAME = LaunchImage;
				GCC_PRECOMPILE_PREFIX_HEADER = YES;
				GCC_PREFIX_HEADER = "Git Test/Git Test-Prefix.pch";
				INFOPLIST_FILE = "Git Test/Git Test-Info.plist";
				PRODUCT_NAME = "$(TARGET_NAME)";
				WRAPPER_EXTENSION = app;
			};
			name = Debug;
		};
		A0E4420019B9D47900C05923 /* Release */ = {
			isa = XCBuildConfiguration;
			buildSettings = {
				ASSETCATALOG_COMPILER_APPICON_NAME = AppIcon;
				ASSETCATALOG_COMPILER_LAUNCHIMAGE_NAME = LaunchImage;
				GCC_PRECOMPILE_PREFIX_HEADER = YES;
				GCC_PREFIX_HEADER = "Git Test/Git Test-Prefix.pch";
				INFOPLIST_FILE = "Git Test/Git Test-Info.plist";
				PRODUCT_NAME = "$(TARGET_NAME)";
				WRAPPER_EXTENSION = app;
			};
			name = Release;
		};
		A0E4420219B9D47900C05923 /* Debug */ = {
			isa = XCBuildConfiguration;
			buildSettings = {
				BUNDLE_LOADER = "$(BUILT_PRODUCTS_DIR)/Git Test.app/Git Test";
				FRAMEWORK_SEARCH_PATHS = (
					"$(SDKROOT)/Developer/Library/Frameworks",
					"$(inherited)",
					"$(DEVELOPER_FRAMEWORKS_DIR)",
				);
				GCC_PRECOMPILE_PREFIX_HEADER = YES;
				GCC_PREFIX_HEADER = "Git Test/Git Test-Prefix.pch";
				GCC_PREPROCESSOR_DEFINITIONS = (
					"DEBUG=1",
					"$(inherited)",
				);
				INFOPLIST_FILE = "Git TestTests/Git TestTests-Info.plist";
				PRODUCT_NAME = "$(TARGET_NAME)";
				TEST_HOST = "$(BUNDLE_LOADER)";
				WRAPPER_EXTENSION = xctest;
			};
			name = Debug;
		};
		A0E4420319B9D47900C05923 /* Release */ = {
			isa = XCBuildConfiguration;
			buildSettings = {
				BUNDLE_LOADER = "$(BUILT_PRODUCTS_DIR)/Git Test.app/Git Test";
				FRAMEWORK_SEARCH_PATHS = (
					"$(SDKROOT)/Developer/Library/Frameworks",
					"$(inherited)",
					"$(DEVELOPER_FRAMEWORKS_DIR)",
				);
				GCC_PRECOMPILE_PREFIX_HEADER = YES;
				GCC_PREFIX_HEADER = "Git Test/Git Test-Prefix.pch";
				INFOPLIST_FILE = "Git TestTests/Git TestTests-Info.plist";
				PRODUCT_NAME = "$(TARGET_NAME)";
				TEST_HOST = "$(BUNDLE_LOADER)";
				WRAPPER_EXTENSION = xctest;
			};
			name = Release;
		};
/* End XCBuildConfiguration section */

/* Begin XCConfigurationList section */
		A0E441C719B9D47900C05923 /* Build configuration list for PBXProject "Git Test" */ = {
			isa = XCConfigurationList;
			buildConfigurations = (
				A0E441FC19B9D47900C05923 /* Debug */,
				A0E441FD19B9D47900C05923 /* Release */,
			);
			defaultConfigurationIsVisible = 0;
			defaultConfigurationName = Release;
		};
		A0E441FE19B9D47900C05923 /* Build configuration list for PBXNativeTarget "Git Test" */ = {
			isa = XCConfigurationList;
			buildConfigurations = (
				A0E441FF19B9D47900C05923 /* Debug */,
				A0E4420019B9D47900C05923 /* Release */,
			);
			defaultConfigurationIsVisible = 0;
		};
		A0E4420119B9D47900C05923 /* Build configuration list for PBXNativeTarget "Git TestTests" */ = {
			isa = XCConfigurationList;
			buildConfigurations = (
				A0E4420219B9D47900C05923 /* Debug */,
				A0E4420319B9D47900C05923 /* Release */,
			);
			defaultConfigurationIsVisible = 0;
		};
/* End XCConfigurationList section */
	};
	rootObject = A0E441C419B9D47900C05923 /* Project object */;
}
